
Microsoft Visual Studio Solution File, Format Version 12.00
# Visual Studio Version 17
VisualStudioVersion = 17.3.32929.385
MinimumVisualStudioVersion = 10.0.40219.1
Project("{FAE04EC0-301F-11D3-BF4B-00C04F79EFBC}") = "AzureFileShareDemo", "AzureFileShareDemo\AzureFileShareDemo.csproj", "{B217784B-0510-4968-B756-54E4FCE1A806}"
EndProject
Global
	GlobalSection(SolutionConfigurationPlatforms) = preSolution
		Debug|Any CPU = Debug|Any CPU
		Release|Any CPU = Release|Any CPU
	EndGlobalSection
	GlobalSection(ProjectConfigurationPlatforms) = postSolution
		{B217784B-0510-4968-B756-54E4FCE1A806}.Debug|Any CPU.ActiveCfg = Debug|Any CPU
		{B217784B-0510-4968-B756-54E4FCE1A806}.Debug|Any CPU.Build.0 = Debug|Any CPU
		{B217784B-0510-4968-B756-54E4FCE1A806}.Release|Any CPU.ActiveCfg = Release|Any CPU
		{B217784B-0510-4968-B756-54E4FCE1A806}.Release|Any CPU.Build.0 = Release|Any CPU
	EndGlobalSection
	GlobalSection(SolutionProperties) = preSolution
		HideSolutionNode = FALSE
	EndGlobalSection
	GlobalSection(ExtensibilityGlobals) = postSolution
		SolutionGuid = {5607B34F-66C0-4539-9FA0-2B31828FCE3D}
	EndGlobalSection
EndGlobal
